{
  "lockfileVersion": 1,
  "workspaces": {
    "": {
      "name": "schema-json-patch",
      "devDependencies": {
        "@biomejs/biome": "^2.0.4",
        "@faker-js/faker": "^9.8.0",
        "@types/asciichart": "^1.5.1",
        "@types/bun": "latest",
        "@types/cli-progress": "^3.11.6",
        "@types/json-source-map": "^0.6.0",
        "asciichart": "^1.5.25",
        "chalk": "^5.4.1",
        "chartscii": "^3.2.0",
        "cli-progress": "^3.12.0",
        "fast-json-patch": "^3.1.1",
        "json-diff-kit": "^1.0.31",
        "json-source-map": "^0.6.1",
        "jsondiffpatch": "^0.7.3",
        "react": "^19.1.0",
        "rfc6902": "^5.1.2",
        "tinybench": "^4.0.1",
      },
      "peerDependencies": {
        "typescript": "^5",
      },
    },
  },
  "packages": {
    "@biomejs/biome": ["@biomejs/biome@2.0.4", "", { "optionalDependencies": { "@biomejs/cli-darwin-arm64": "2.0.4", "@biomejs/cli-darwin-x64": "2.0.4", "@biomejs/cli-linux-arm64": "2.0.4", "@biomejs/cli-linux-arm64-musl": "2.0.4", "@biomejs/cli-linux-x64": "2.0.4", "@biomejs/cli-linux-x64-musl": "2.0.4", "@biomejs/cli-win32-arm64": "2.0.4", "@biomejs/cli-win32-x64": "2.0.4" }, "bin": { "biome": "bin/biome" } }, "sha512-DNA++xe+E7UugTvI/HhzSFl6OwrVgU8SIV0Mb2fPtWPk2/oTr4eOSA5xy1JECrvgJeYxurmUBOS49qxv/OUkrQ=="],

    "@biomejs/cli-darwin-arm64": ["@biomejs/cli-darwin-arm64@2.0.4", "", { "os": "darwin", "cpu": "arm64" }, "sha512-r5McIUMMiedwJ2rltuXhj0+w0W7IJLpkOS+OGCVZQQOOcrGY9gUSUmOo7O6Z7P0vlv5YYZkPbi+qR9MDDWRBSw=="],

    "@biomejs/cli-darwin-x64": ["@biomejs/cli-darwin-x64@2.0.4", "", { "os": "darwin", "cpu": "x64" }, "sha512-aV5Zc/3E3aXFbrjK1IgCMEQc+6PCkBL+NS+vtjoNM2VPFeM5OL5Q82BI4YZyPnebj+k42BPIoYtz0jJ95PGRRg=="],

    "@biomejs/cli-linux-arm64": ["@biomejs/cli-linux-arm64@2.0.4", "", { "os": "linux", "cpu": "arm64" }, "sha512-nlJhf7DyuajMj+S7Ygum59cbrHvI/nSRvedfJcEIx4X7SsiZjpRUiC5XtEn77kg7NIKq/KqG5roQIHkmjuFHCw=="],

    "@biomejs/cli-linux-arm64-musl": ["@biomejs/cli-linux-arm64-musl@2.0.4", "", { "os": "linux", "cpu": "arm64" }, "sha512-cNukq2PthoOa7quqaKoEFz4Zd1pDPJGfTR5jVyk9Z9iFHEm6TI7+7eeIs3aYcEuuJPNFR9xhJ4Uj3E2iUWkV3A=="],

    "@biomejs/cli-linux-x64": ["@biomejs/cli-linux-x64@2.0.4", "", { "os": "linux", "cpu": "x64" }, "sha512-jlzrNZ+OzN9wvp2RL3cl5Y4NiV7xSU+QV5A8bWXke1on3jKy7QbXajybSjVQ6aFw1gdrqkO/W8xV5HODhIMT4g=="],

    "@biomejs/cli-linux-x64-musl": ["@biomejs/cli-linux-x64-musl@2.0.4", "", { "os": "linux", "cpu": "x64" }, "sha512-oWQALSbp8xF0t/wiHU2zdkZOpIHyaI9QxQv0Ytty9GAKsCGP6pczp8qyKD/P49iGJdDozHp5KiuQPxs33APhyA=="],

    "@biomejs/cli-win32-arm64": ["@biomejs/cli-win32-arm64@2.0.4", "", { "os": "win32", "cpu": "arm64" }, "sha512-/PbNhMJo9ONja7hOxLlifM/qgeHpRD9bF2flTz5KIrXnQqpuegaRuwP/HYdJ9TFkTKFjHkPLoE4onOz3HIT5CQ=="],

    "@biomejs/cli-win32-x64": ["@biomejs/cli-win32-x64@2.0.4", "", { "os": "win32", "cpu": "x64" }, "sha512-dIM4SgO4/Rmsb4X7fwKtciQ682SZDSC1lm42uSM9gt8zNqBIeTaqsMc6eO1DpxYWMlAb/n2SML9+HUHmCib7NA=="],

    "@cronvel/get-pixels": ["@cronvel/get-pixels@3.4.1", "", { "dependencies": { "jpeg-js": "^0.4.4", "ndarray": "^1.0.19", "ndarray-pack": "^1.1.1", "node-bitmap": "0.0.1", "omggif": "^1.0.10", "pngjs": "^6.0.0" } }, "sha512-gB5C5nDIacLUdsMuW8YsM9SzK3vaFANe4J11CVXpovpy7bZUGrcJKmc6m/0gWG789pKr6XSZY2aEetjFvSRw5g=="],

    "@dmsnell/diff-match-patch": ["@dmsnell/diff-match-patch@1.1.0", "", {}, "sha512-yejLPmM5pjsGvxS9gXablUSbInW7H976c/FJ4iQxWIm7/38xBySRemTPDe34lhg1gVLbJntX0+sH0jYfU+PN9A=="],

    "@faker-js/faker": ["@faker-js/faker@9.8.0", "", {}, "sha512-U9wpuSrJC93jZBxx/Qq2wPjCuYISBueyVUGK7qqdmj7r/nxaxwW8AQDCLeRO7wZnjj94sh3p246cAYjUKuqgfg=="],

    "@types/asciichart": ["@types/asciichart@1.5.8", "", {}, "sha512-8yzgCUybv8/yUfj4WeTh7G+V+AxU7AzwsF2CrkTtARKHdrxE/EiByF2efUMj6qdm87tENucNu6pLs22RWU0H7g=="],

    "@types/bun": ["@types/bun@1.2.17", "", { "dependencies": { "bun-types": "1.2.17" } }, "sha512-l/BYs/JYt+cXA/0+wUhulYJB6a6p//GTPiJ7nV+QHa8iiId4HZmnu/3J/SowP5g0rTiERY2kfGKXEK5Ehltx4Q=="],

    "@types/cli-progress": ["@types/cli-progress@3.11.6", "", { "dependencies": { "@types/node": "*" } }, "sha512-cE3+jb9WRlu+uOSAugewNpITJDt1VF8dHOopPO4IABFc3SXYL5WE/+PTz/FCdZRRfIujiWW3n3aMbv1eIGVRWA=="],

    "@types/json-source-map": ["@types/json-source-map@0.6.0", "", {}, "sha512-5RTx9KQi42g0knHvHM9+f6V5B17S22ZFyoDfabgHLhnWa/5ST1UCDpuda/AaUIyHX1pLxwFZKcScM2sytz9OEQ=="],

    "@types/node": ["@types/node@24.0.3", "", { "dependencies": { "undici-types": "~7.8.0" } }, "sha512-R4I/kzCYAdRLzfiCabn9hxWfbuHS573x+r0dJMkkzThEa7pbrcDWK+9zu3e7aBOouf+rQAciqPFMnxwr0aWgKg=="],

    "ansi-regex": ["ansi-regex@5.0.1", "", {}, "sha512-quJQXlTSUGL2LH9SUXo8VwsY4soanhgo6LNSm84E1LBcE8s3O0wpdiRzyR9z/ZZJMlMWv37qOOb9pdJlMUEKFQ=="],

    "asciichart": ["asciichart@1.5.25", "", {}, "sha512-PNxzXIPPOtWq8T7bgzBtk9cI2lgS4SJZthUHEiQ1aoIc3lNzGfUvIvo9LiAnq26TACo9t1/4qP6KTGAUbzX9Xg=="],

    "bun-types": ["bun-types@1.2.17", "", { "dependencies": { "@types/node": "*" } }, "sha512-ElC7ItwT3SCQwYZDYoAH+q6KT4Fxjl8DtZ6qDulUFBmXA8YB4xo+l54J9ZJN+k2pphfn9vk7kfubeSd5QfTVJQ=="],

    "chalk": ["chalk@5.4.1", "", {}, "sha512-zgVZuo2WcZgfUEmsn6eO3kINexW8RAE4maiQ8QNs8CtpPCSyMiYsULR3HQYkm3w8FIA3SberyMJMSldGsW+U3w=="],

    "chartscii": ["chartscii@3.2.0", "", { "dependencies": { "styl3": "3.1.1" } }, "sha512-O70q5XQzB/R5ekwz8roqPO1grQSTTsO6t7UmOmofY5E9vcV4k1N35aiVNumN0SnyYnBgk+JgQFXq30+jdUJXuA=="],

    "chroma-js": ["chroma-js@2.6.0", "", {}, "sha512-BLHvCB9s8Z1EV4ethr6xnkl/P2YRFOGqfgvuMG/MyCbZPrTA+NeiByY6XvgF0zP4/2deU2CXnWyMa3zu1LqQ3A=="],

    "cli-progress": ["cli-progress@3.12.0", "", { "dependencies": { "string-width": "^4.2.3" } }, "sha512-tRkV3HJ1ASwm19THiiLIXLO7Im7wlTuKnvkYaTkyoAPefqjNg7W7DHKUlGRxy9vxDvbyCYQkQozvptuMkGCg8A=="],

    "commander": ["commander@11.1.0", "", {}, "sha512-yPVavfyCcRhmorC7rWlkHn15b4wDVgVmBA7kV4QVBsF7kv/9TKJAbAXVTxvTnwP8HHKjRCJDClKbciiYS7p0DQ=="],

    "cwise-compiler": ["cwise-compiler@1.1.3", "", { "dependencies": { "uniq": "^1.0.0" } }, "sha512-WXlK/m+Di8DMMcCjcWr4i+XzcQra9eCdXIJrgh4TUgh0pIS/yJduLxS9JgefsHJ/YVLdgPtXm9r62W92MvanEQ=="],

    "emoji-regex": ["emoji-regex@8.0.0", "", {}, "sha512-MSjYzcWNOA0ewAHpz0MxpYFvwg6yjy1NG3xteoqz644VCo/RPgnr1/GGt+ic3iJTzQ8Eu3TdM14SawnVUmGE6A=="],

    "fast-json-patch": ["fast-json-patch@3.1.1", "", {}, "sha512-vf6IHUX2SBcA+5/+4883dsIjpBTqmfBjmYiWK1savxQmFk4JfBMLa7ynTYOs1Rolp/T1betJxHiGD3g1Mn8lUQ=="],

    "fast-myers-diff": ["fast-myers-diff@3.2.0", "", {}, "sha512-DxNm4a3gnV35AluvqjeAV3Zx3CAySs0tsaDjnex5JhnJAa2rxEUVCwmaL2gpz42ea1B+IJorlo7XLThXUaTQog=="],

    "iota-array": ["iota-array@1.0.0", "", {}, "sha512-pZ2xT+LOHckCatGQ3DcG/a+QuEqvoxqkiL7tvE8nn3uuu+f6i1TtpB5/FtWFbxUuVr5PZCx8KskuGatbJDXOWA=="],

    "is-buffer": ["is-buffer@1.1.6", "", {}, "sha512-NcdALwpXkTm5Zvvbk7owOUSvVvBKDgKP5/ewfXEznmQFfs4ZRmanOeKBTjRVjka3QFoN6XJ+9F3USqfHqTaU5w=="],

    "is-fullwidth-code-point": ["is-fullwidth-code-point@3.0.0", "", {}, "sha512-zymm5+u+sCsSWyD9qNaejV3DFvhCKclKdizYaJUuHA83RLjb7nSuGnddCHGv0hk+KY7BMAlsWeK4Ueg6EV6XQg=="],

    "jpeg-js": ["jpeg-js@0.4.4", "", {}, "sha512-WZzeDOEtTOBK4Mdsar0IqEU5sMr3vSV2RqkAIzUEV2BHnUfKGyswWFPFwK5EeDo93K3FohSHbLAjj0s1Wzd+dg=="],

    "json-diff-kit": ["json-diff-kit@1.0.31", "", { "dependencies": { "commander": "^11.1.0", "fast-myers-diff": "^3.0.1", "lodash": "^4.17.21", "prompts": "^2.4.2" }, "optionalDependencies": { "terminal-kit": "^3.0.1" }, "bin": { "jsondiff": "bin/jsondiff.cjs" } }, "sha512-RiDsAu48G8UDpUD31zRWpwSDwl+p/5K9LWgm/6EzS00ICkfzrhJZVWWYtmovZjvfRRPsCg41ev1l1aZXYnwU4w=="],

    "json-source-map": ["json-source-map@0.6.1", "", {}, "sha512-1QoztHPsMQqhDq0hlXY5ZqcEdUzxQEIxgFkKl4WUp2pgShObl+9ovi4kRh2TfvAfxAoHOJ9vIMEqk3k4iex7tg=="],

    "jsondiffpatch": ["jsondiffpatch@0.7.3", "", { "dependencies": { "@dmsnell/diff-match-patch": "^1.1.0" }, "bin": { "jsondiffpatch": "bin/jsondiffpatch.js" } }, "sha512-zd4dqFiXSYyant2WgSXAZ9+yYqilNVvragVNkNRn2IFZKgjyULNrKRznqN4Zon0MkLueCg+3QaPVCnDAVP20OQ=="],

    "kleur": ["kleur@3.0.3", "", {}, "sha512-eTIzlVOSUR+JxdDFepEYcBMtZ9Qqdef+rnzWdRZuMbOywu5tO2w2N7rqjoANZ5k9vywhL6Br1VRjUIgTQx4E8w=="],

    "lazyness": ["lazyness@1.2.0", "", {}, "sha512-KenL6EFbwxBwRxG93t0gcUyi0Nw0Ub31FJKN1laA4UscdkL1K1AxUd0gYZdcLU3v+x+wcFi4uQKS5hL+fk500g=="],

    "lodash": ["lodash@4.17.21", "", {}, "sha512-v2kDEe57lecTulaDIuNTPy3Ry4gLGJ6Z1O3vE1krgXZNrsQ+LFTGHVxVjcXPs17LhbZVGedAJv8XZ1tvj5FvSg=="],

    "ndarray": ["ndarray@1.0.19", "", { "dependencies": { "iota-array": "^1.0.0", "is-buffer": "^1.0.2" } }, "sha512-B4JHA4vdyZU30ELBw3g7/p9bZupyew5a7tX1Y/gGeF2hafrPaQZhgrGQfsvgfYbgdFZjYwuEcnaobeM/WMW+HQ=="],

    "ndarray-pack": ["ndarray-pack@1.2.1", "", { "dependencies": { "cwise-compiler": "^1.1.2", "ndarray": "^1.0.13" } }, "sha512-51cECUJMT0rUZNQa09EoKsnFeDL4x2dHRT0VR5U2H5ZgEcm95ZDWcMA5JShroXjHOejmAD/fg8+H+OvUnVXz2g=="],

    "nextgen-events": ["nextgen-events@1.5.3", "", {}, "sha512-P6qw6kenNXP+J9XlKJNi/MNHUQ+Lx5K8FEcSfX7/w8KJdZan5+BB5MKzuNgL2RTjHG1Svg8SehfseVEp8zAqwA=="],

    "node-bitmap": ["node-bitmap@0.0.1", "", {}, "sha512-Jx5lPaaLdIaOsj2mVLWMWulXF6GQVdyLvNSxmiYCvZ8Ma2hfKX0POoR2kgKOqz+oFsRreq0yYZjQ2wjE9VNzCA=="],

    "omggif": ["omggif@1.0.10", "", {}, "sha512-LMJTtvgc/nugXj0Vcrrs68Mn2D1r0zf630VNtqtpI1FEO7e+O9FP4gqs9AcnBaSEeoHIPm28u6qgPR0oyEpGSw=="],

    "pngjs": ["pngjs@6.0.0", "", {}, "sha512-TRzzuFRRmEoSW/p1KVAmiOgPco2Irlah+bGFCeNfJXxxYGwSw7YwAOAcd7X28K/m5bjBWKsC29KyoMfHbypayg=="],

    "prompts": ["prompts@2.4.2", "", { "dependencies": { "kleur": "^3.0.3", "sisteransi": "^1.0.5" } }, "sha512-NxNv/kLguCA7p3jE8oL2aEBsrJWgAakBpgmgK6lpPWV+WuOmY6r2/zbAVnP+T8bQlA0nzHXSJSJW0Hq7ylaD2Q=="],

    "react": ["react@19.1.0", "", {}, "sha512-FS+XFBNvn3GTAWq26joslQgWNoFu08F4kl0J4CgdNKADkdSGXQyTCnKteIAJy96Br6YbpEU1LSzV5dYtjMkMDg=="],

    "rfc6902": ["rfc6902@5.1.2", "", {}, "sha512-zxcb+PWlE8PwX0tiKE6zP97THQ8/lHmeiwucRrJ3YFupWEmp25RmFSlB1dNTqjkovwqG4iq+u1gzJMBS3um8mA=="],

    "setimmediate": ["setimmediate@1.0.5", "", {}, "sha512-MATJdZp8sLqDl/68LfQmbP8zKPLQNV6BIZoIgrscFDQ+RsvK/BxeDQOgyxKKoh0y/8h3BqVFnCqQ/gd+reiIXA=="],

    "seventh": ["seventh@0.9.4", "", { "dependencies": { "setimmediate": "^1.0.5" } }, "sha512-O85mosi4sOfxG+slvqy0j7zLuFD4ylUgEMt7Pvt9Q/wnwNwG/6MNnHKzV9JkAoPoPM26t/DLFn17p7o7u5kIBA=="],

    "sisteransi": ["sisteransi@1.0.5", "", {}, "sha512-bLGGlR1QxBcynn2d5YmDX4MGjlZvy2MRBDRNHLJ8VI6l6+9FUiyTFNJ0IveOSP0bcXgVDPRcfGqA0pjaqUpfVg=="],

    "string-kit": ["string-kit@0.19.2", "", {}, "sha512-o5rhsZy4WS76+uMc4fkcQYM7dcdxe8wKCoLeLqCcGZxbUmtawkBE8G0JS6ooBnBOy+j1MpZ1IgWIuojIr71vPw=="],

    "string-width": ["string-width@4.2.3", "", { "dependencies": { "emoji-regex": "^8.0.0", "is-fullwidth-code-point": "^3.0.0", "strip-ansi": "^6.0.1" } }, "sha512-wKyQRQpjJ0sIp62ErSZdGsjMJWsap5oRNihHhu6G7JVO/9jIB6UyevL+tXuOqrng8j/cxKTWyWUwvSTriiZz/g=="],

    "strip-ansi": ["strip-ansi@6.0.1", "", { "dependencies": { "ansi-regex": "^5.0.1" } }, "sha512-Y38VPSHcqkFrCpFnQ9vuSXmquuv5oXOKpGeT6aGrr3o3Gc9AlVa6JBfUSOCnbxGGZF+/0ooI7KrPuUSztUdU5A=="],

    "styl3": ["styl3@3.1.1", "", {}, "sha512-WRTBm/bs2ZfkbIQTk59xfJ0x/X4VKUSm/3u6egDFHNrYCcXYfWauBgq129whvYREvEOlOPQjDu1TARHyxCzCjQ=="],

    "terminal-kit": ["terminal-kit@3.1.2", "", { "dependencies": { "@cronvel/get-pixels": "^3.4.1", "chroma-js": "^2.4.2", "lazyness": "^1.2.0", "ndarray": "^1.0.19", "nextgen-events": "^1.5.3", "seventh": "^0.9.2", "string-kit": "^0.19.0", "tree-kit": "^0.8.7" } }, "sha512-ro2FyU4A+NwA74DLTYTnoCFYuFpgV1aM07IS6MPrJeajoI2hwF44EdUqjoTmKEl6srYDWtbVkc/b1C16iUnxFQ=="],

    "tinybench": ["tinybench@4.0.1", "", {}, "sha512-Nb1srn7dvzkVx0J5h1vq8f48e3TIcbrS7e/UfAI/cDSef/n8yLh4zsAEsFkfpw6auTY+ZaspEvam/xs8nMnotQ=="],

    "tree-kit": ["tree-kit@0.8.8", "", {}, "sha512-L7zwpXp0/Nha6mljVcVOnhhxuCkFRWmt26wza3TKnyMBewid4F2vyiVdcSsw41ZoG1Wj+3lM48Er9lhttbxfLA=="],

    "typescript": ["typescript@5.8.3", "", { "bin": { "tsc": "bin/tsc", "tsserver": "bin/tsserver" } }, "sha512-p1diW6TqL9L07nNxvRMM7hMMw4c5XOo/1ibL4aAIGmSAt9slTE1Xgw5KWuof2uTOvCg9BY7ZRi+GaF+7sfgPeQ=="],

    "undici-types": ["undici-types@7.8.0", "", {}, "sha512-9UJ2xGDvQ43tYyVMpuHlsgApydB8ZKfVYTsLDhXkFL/6gfkp+U8xTGdh8pMJv1SpZna0zxG1DwsKZsreLbXBxw=="],

    "uniq": ["uniq@1.0.1", "", {}, "sha512-Gw+zz50YNKPDKXs+9d+aKAjVwpjNwqzvNpLigIruT4HA9lMZNdMqs9x07kKHB/L9WRzqp4+DlTU5s4wG2esdoA=="],
  }
}
