{
	"name": "schema-json-patch",
	"lockfileVersion": 3,
	"requires": true,
	"packages": {
		"": {
			"name": "schema-json-patch",
			"dependencies": {
				"jsonc-parser": "^3.3.1"
			},
			"devDependencies": {
				"@biomejs/biome": "^2.0.4",
				"@faker-js/faker": "^9.8.0",
				"@types/asciichart": "^1.5.1",
				"@types/bun": "latest",
				"@types/cli-progress": "^3.11.6",
				"asciichart": "^1.5.25",
				"chalk": "^5.4.1",
				"chartscii": "^3.2.0",
				"cli-progress": "^3.12.0",
				"fast-json-patch": "^3.1.1",
				"json-source-map": "^0.6.1",
				"jsondiffpatch": "^0.7.3",
				"rfc6902": "^5.1.2",
				"tinybench": "^4.0.1"
			},
			"peerDependencies": {
				"typescript": "^5"
			}
		},
		"node_modules/@biomejs/biome": {
			"version": "2.0.4",
			"dev": true,
			"license": "MIT OR Apache-2.0",
			"bin": {
				"biome": "bin/biome"
			},
			"engines": {
				"node": ">=14.21.3"
			},
			"funding": {
				"type": "opencollective",
				"url": "https://opencollective.com/biome"
			},
			"optionalDependencies": {
				"@biomejs/cli-darwin-arm64": "2.0.4",
				"@biomejs/cli-darwin-x64": "2.0.4",
				"@biomejs/cli-linux-arm64": "2.0.4",
				"@biomejs/cli-linux-arm64-musl": "2.0.4",
				"@biomejs/cli-linux-x64": "2.0.4",
				"@biomejs/cli-linux-x64-musl": "2.0.4",
				"@biomejs/cli-win32-arm64": "2.0.4",
				"@biomejs/cli-win32-x64": "2.0.4"
			}
		},
		"node_modules/@biomejs/cli-darwin-arm64": {
			"version": "2.0.4",
			"cpu": [
				"arm64"
			],
			"dev": true,
			"license": "MIT OR Apache-2.0",
			"optional": true,
			"os": [
				"darwin"
			],
			"engines": {
				"node": ">=14.21.3"
			}
		},
		"node_modules/@dmsnell/diff-match-patch": {
			"version": "1.1.0",
			"dev": true,
			"license": "Apache-2.0"
		},
		"node_modules/@faker-js/faker": {
			"version": "9.8.0",
			"dev": true,
			"funding": [
				{
					"type": "opencollective",
					"url": "https://opencollective.com/fakerjs"
				}
			],
			"license": "MIT",
			"engines": {
				"node": ">=18.0.0",
				"npm": ">=9.0.0"
			}
		},
		"node_modules/@types/asciichart": {
			"version": "1.5.8",
			"dev": true,
			"license": "MIT"
		},
		"node_modules/@types/bun": {
			"version": "1.2.17",
			"resolved": "https://registry.npmjs.org/@types/bun/-/bun-1.2.17.tgz",
			"integrity": "sha512-l/BYs/JYt+cXA/0+wUhulYJB6a6p//GTPiJ7nV+QHa8iiId4HZmnu/3J/SowP5g0rTiERY2kfGKXEK5Ehltx4Q==",
			"dev": true,
			"dependencies": {
				"bun-types": "1.2.17"
			}
		},
		"node_modules/@types/cli-progress": {
			"version": "3.11.6",
			"resolved": "https://registry.npmjs.org/@types/cli-progress/-/cli-progress-3.11.6.tgz",
			"integrity": "sha512-cE3+jb9WRlu+uOSAugewNpITJDt1VF8dHOopPO4IABFc3SXYL5WE/+PTz/FCdZRRfIujiWW3n3aMbv1eIGVRWA==",
			"dev": true,
			"dependencies": {
				"@types/node": "*"
			}
		},
		"node_modules/@types/node": {
			"version": "24.0.3",
			"dev": true,
			"license": "MIT",
			"dependencies": {
				"undici-types": "~7.8.0"
			}
		},
		"node_modules/ansi-regex": {
			"version": "5.0.1",
			"resolved": "https://registry.npmjs.org/ansi-regex/-/ansi-regex-5.0.1.tgz",
			"integrity": "sha512-quJQXlTSUGL2LH9SUXo8VwsY4soanhgo6LNSm84E1LBcE8s3O0wpdiRzyR9z/ZZJMlMWv37qOOb9pdJlMUEKFQ==",
			"dev": true,
			"engines": {
				"node": ">=8"
			}
		},
		"node_modules/asciichart": {
			"version": "1.5.25",
			"dev": true,
			"license": "MIT"
		},
		"node_modules/bun-types": {
			"version": "1.2.17",
			"dev": true,
			"license": "MIT",
			"dependencies": {
				"@types/node": "*"
			}
		},
		"node_modules/chalk": {
			"version": "5.4.1",
			"resolved": "https://registry.npmjs.org/chalk/-/chalk-5.4.1.tgz",
			"integrity": "sha512-zgVZuo2WcZgfUEmsn6eO3kINexW8RAE4maiQ8QNs8CtpPCSyMiYsULR3HQYkm3w8FIA3SberyMJMSldGsW+U3w==",
			"dev": true,
			"engines": {
				"node": "^12.17.0 || ^14.13 || >=16.0.0"
			},
			"funding": {
				"url": "https://github.com/chalk/chalk?sponsor=1"
			}
		},
		"node_modules/chartscii": {
			"version": "3.2.0",
			"resolved": "https://registry.npmjs.org/chartscii/-/chartscii-3.2.0.tgz",
			"integrity": "sha512-O70q5XQzB/R5ekwz8roqPO1grQSTTsO6t7UmOmofY5E9vcV4k1N35aiVNumN0SnyYnBgk+JgQFXq30+jdUJXuA==",
			"dev": true,
			"dependencies": {
				"styl3": "3.1.1"
			}
		},
		"node_modules/cli-progress": {
			"version": "3.12.0",
			"resolved": "https://registry.npmjs.org/cli-progress/-/cli-progress-3.12.0.tgz",
			"integrity": "sha512-tRkV3HJ1ASwm19THiiLIXLO7Im7wlTuKnvkYaTkyoAPefqjNg7W7DHKUlGRxy9vxDvbyCYQkQozvptuMkGCg8A==",
			"dev": true,
			"dependencies": {
				"string-width": "^4.2.3"
			},
			"engines": {
				"node": ">=4"
			}
		},
		"node_modules/emoji-regex": {
			"version": "8.0.0",
			"resolved": "https://registry.npmjs.org/emoji-regex/-/emoji-regex-8.0.0.tgz",
			"integrity": "sha512-MSjYzcWNOA0ewAHpz0MxpYFvwg6yjy1NG3xteoqz644VCo/RPgnr1/GGt+ic3iJTzQ8Eu3TdM14SawnVUmGE6A==",
			"dev": true
		},
		"node_modules/fast-json-patch": {
			"version": "3.1.1",
			"dev": true,
			"license": "MIT"
		},
		"node_modules/is-fullwidth-code-point": {
			"version": "3.0.0",
			"resolved": "https://registry.npmjs.org/is-fullwidth-code-point/-/is-fullwidth-code-point-3.0.0.tgz",
			"integrity": "sha512-zymm5+u+sCsSWyD9qNaejV3DFvhCKclKdizYaJUuHA83RLjb7nSuGnddCHGv0hk+KY7BMAlsWeK4Ueg6EV6XQg==",
			"dev": true,
			"engines": {
				"node": ">=8"
			}
		},
		"node_modules/json-source-map": {
			"version": "0.6.1",
			"dev": true,
			"license": "MIT"
		},
		"node_modules/jsonc-parser": {
			"version": "3.3.1",
			"resolved": "https://registry.npmjs.org/jsonc-parser/-/jsonc-parser-3.3.1.tgz",
			"integrity": "sha512-HUgH65KyejrUFPvHFPbqOY0rsFip3Bo5wb4ngvdi1EpCYWUQDC5V+Y7mZws+DLkr4M//zQJoanu1SP+87Dv1oQ=="
		},
		"node_modules/jsondiffpatch": {
			"version": "0.7.3",
			"dev": true,
			"license": "MIT",
			"dependencies": {
				"@dmsnell/diff-match-patch": "^1.1.0"
			},
			"bin": {
				"jsondiffpatch": "bin/jsondiffpatch.js"
			},
			"engines": {
				"node": "^18.0.0 || >=20.0.0"
			}
		},
		"node_modules/rfc6902": {
			"version": "5.1.2",
			"dev": true,
			"license": "MIT"
		},
		"node_modules/string-width": {
			"version": "4.2.3",
			"resolved": "https://registry.npmjs.org/string-width/-/string-width-4.2.3.tgz",
			"integrity": "sha512-wKyQRQpjJ0sIp62ErSZdGsjMJWsap5oRNihHhu6G7JVO/9jIB6UyevL+tXuOqrng8j/cxKTWyWUwvSTriiZz/g==",
			"dev": true,
			"dependencies": {
				"emoji-regex": "^8.0.0",
				"is-fullwidth-code-point": "^3.0.0",
				"strip-ansi": "^6.0.1"
			},
			"engines": {
				"node": ">=8"
			}
		},
		"node_modules/strip-ansi": {
			"version": "6.0.1",
			"resolved": "https://registry.npmjs.org/strip-ansi/-/strip-ansi-6.0.1.tgz",
			"integrity": "sha512-Y38VPSHcqkFrCpFnQ9vuSXmquuv5oXOKpGeT6aGrr3o3Gc9AlVa6JBfUSOCnbxGGZF+/0ooI7KrPuUSztUdU5A==",
			"dev": true,
			"dependencies": {
				"ansi-regex": "^5.0.1"
			},
			"engines": {
				"node": ">=8"
			}
		},
		"node_modules/styl3": {
			"version": "3.1.1",
			"resolved": "https://registry.npmjs.org/styl3/-/styl3-3.1.1.tgz",
			"integrity": "sha512-WRTBm/bs2ZfkbIQTk59xfJ0x/X4VKUSm/3u6egDFHNrYCcXYfWauBgq129whvYREvEOlOPQjDu1TARHyxCzCjQ==",
			"dev": true
		},
		"node_modules/tinybench": {
			"version": "4.0.1",
			"dev": true,
			"license": "MIT",
			"engines": {
				"node": ">=18.0.0"
			}
		},
		"node_modules/typescript": {
			"version": "5.8.3",
			"license": "Apache-2.0",
			"peer": true,
			"bin": {
				"tsc": "bin/tsc",
				"tsserver": "bin/tsserver"
			},
			"engines": {
				"node": ">=14.17"
			}
		},
		"node_modules/undici-types": {
			"version": "7.8.0",
			"dev": true,
			"license": "MIT"
		}
	}
}
